
Microsoft Visual Studio Solution File, Format Version 12.00
# Visual Studio Version 16
VisualStudioVersion = 16.0.31515.178
MinimumVisualStudioVersion = 10.0.40219.1
Project("{FAE04EC0-301F-11D3-BF4B-00C04F79EFBC}") = "Overengineering", "Overengineering.csproj", "{F0264F20-E504-47E3-AC2E-DCA25752ADB0}"
EndProject
Global
	GlobalSection(SolutionConfigurationPlatforms) = preSolution
		Debug|Any CPU = Debug|Any CPU
		Release|Any CPU = Release|Any CPU
	EndGlobalSection
	GlobalSection(ProjectConfigurationPlatforms) = postSolution
		{F0264F20-E504-47E3-AC2E-DCA25752ADB0}.Debug|Any CPU.ActiveCfg = Debug|Any CPU
		{F0264F20-E504-47E3-AC2E-DCA25752ADB0}.Debug|Any CPU.Build.0 = Debug|Any CPU
		{F0264F20-E504-47E3-AC2E-DCA25752ADB0}.Release|Any CPU.ActiveCfg = Release|Any CPU
		{F0264F20-E504-47E3-AC2E-DCA25752ADB0}.Release|Any CPU.Build.0 = Release|Any CPU
	EndGlobalSection
	GlobalSection(SolutionProperties) = preSolution
		HideSolutionNode = FALSE
	EndGlobalSection
	GlobalSection(ExtensibilityGlobals) = postSolution
		SolutionGuid = {E758C924-1189-42F4-8F1B-3A30BF741AC7}
	EndGlobalSection
EndGlobal
